
Microsoft Visual Studio Solution File, Format Version 12.00
# Visual Studio Version 17
VisualStudioVersion = 17.0.31903.59
MinimumVisualStudioVersion = 10.0.40219.1
Project("{2150E333-8FDC-42A3-9474-1A3956D46DE8}") = "src", "src", "{827E0CD3-B72D-47B6-A68D-7590B98EB39B}"
	ProjectSection(SolutionItems) = preProject
		src\MiniGcs.App\ViewModels\TelemetryViewModel.cs = src\MiniGcs.App\ViewModels\TelemetryViewModel.cs
	EndProjectSection
EndProject
Project("{FAE04EC0-301F-11D3-BF4B-00C04F79EFBC}") = "MiniGcs.Domain", "src\MiniGcs.Domain\MiniGcs.Domain.csproj", "{880CB54E-C037-406D-ACC3-4AAFC3FC83C6}"
EndProject
Project("{FAE04EC0-301F-11D3-BF4B-00C04F79EFBC}") = "MiniGcs.Application", "src\MiniGcs.Application\MiniGcs.Application.csproj", "{98351FBD-EAF8-48B6-8F2A-85530D8993F5}"
EndProject
Project("{FAE04EC0-301F-11D3-BF4B-00C04F79EFBC}") = "MiniGcs.Infrastructure", "src\MiniGcs.Infrastructure\MiniGcs.Infrastructure.csproj", "{C8896E5D-08B8-4E21-B9CC-472C14AC98F8}"
EndProject
Project("{FAE04EC0-301F-11D3-BF4B-00C04F79EFBC}") = "MiniGcs.App", "src\MiniGcs.App\MiniGcs.App.csproj", "{98D828F8-D9A8-4A29-A22B-7D950FA7153C}"
EndProject
Project("{2150E333-8FDC-42A3-9474-1A3956D46DE8}") = "tools", "tools", "{07C2787E-EAC7-C090-1BA3-A61EC2A24D84}"
EndProject
Project("{FAE04EC0-301F-11D3-BF4B-00C04F79EFBC}") = "DroneSimulator.Console", "tools\DroneSimulator.Console\DroneSimulator.Console.csproj", "{86D6D4A6-1191-4B67-892C-542C52621B92}"
EndProject
Project("{2150E333-8FDC-42A3-9474-1A3956D46DE8}") = "tests", "tests", "{0AB3BF05-4346-4AA6-1389-037BE0695223}"
EndProject
Project("{FAE04EC0-301F-11D3-BF4B-00C04F79EFBC}") = "MiniGcs.Domain.Tests", "tests\MiniGcs.Domain.Tests\MiniGcs.Domain.Tests.csproj", "{E65A6AFB-302B-47AC-B3AE-2FE49CAE5E38}"
EndProject
Project("{FAE04EC0-301F-11D3-BF4B-00C04F79EFBC}") = "MiniGcs.Application.Tests", "tests\MiniGcs.Application.Tests\MiniGcs.Application.Tests.csproj", "{0C4CD16D-B227-4217-92D8-F5C12D475AA8}"
EndProject
Project("{FAE04EC0-301F-11D3-BF4B-00C04F79EFBC}") = "MiniGcs.Infrastructure.Tests", "tests\MiniGcs.Infrastructure.Tests\MiniGcs.Infrastructure.Tests.csproj", "{20F79E91-EF6C-4F3F-ACC7-79FF771D3EEE}"
EndProject
Global
	GlobalSection(SolutionConfigurationPlatforms) = preSolution
		Debug|Any CPU = Debug|Any CPU
		Debug|x64 = Debug|x64
		Debug|x86 = Debug|x86
		Release|Any CPU = Release|Any CPU
		Release|x64 = Release|x64
		Release|x86 = Release|x86
	EndGlobalSection
	GlobalSection(ProjectConfigurationPlatforms) = postSolution
		{880CB54E-C037-406D-ACC3-4AAFC3FC83C6}.Debug|Any CPU.ActiveCfg = Debug|Any CPU
		{880CB54E-C037-406D-ACC3-4AAFC3FC83C6}.Debug|Any CPU.Build.0 = Debug|Any CPU
		{880CB54E-C037-406D-ACC3-4AAFC3FC83C6}.Debug|x64.ActiveCfg = Debug|Any CPU
		{880CB54E-C037-406D-ACC3-4AAFC3FC83C6}.Debug|x64.Build.0 = Debug|Any CPU
		{880CB54E-C037-406D-ACC3-4AAFC3FC83C6}.Debug|x86.ActiveCfg = Debug|Any CPU
		{880CB54E-C037-406D-ACC3-4AAFC3FC83C6}.Debug|x86.Build.0 = Debug|Any CPU
		{880CB54E-C037-406D-ACC3-4AAFC3FC83C6}.Release|Any CPU.ActiveCfg = Release|Any CPU
		{880CB54E-C037-406D-ACC3-4AAFC3FC83C6}.Release|Any CPU.Build.0 = Release|Any CPU
		{880CB54E-C037-406D-ACC3-4AAFC3FC83C6}.Release|x64.ActiveCfg = Release|Any CPU
		{880CB54E-C037-406D-ACC3-4AAFC3FC83C6}.Release|x64.Build.0 = Release|Any CPU
		{880CB54E-C037-406D-ACC3-4AAFC3FC83C6}.Release|x86.ActiveCfg = Release|Any CPU
		{880CB54E-C037-406D-ACC3-4AAFC3FC83C6}.Release|x86.Build.0 = Release|Any CPU
		{98351FBD-EAF8-48B6-8F2A-85530D8993F5}.Debug|Any CPU.ActiveCfg = Debug|Any CPU
		{98351FBD-EAF8-48B6-8F2A-85530D8993F5}.Debug|Any CPU.Build.0 = Debug|Any CPU
		{98351FBD-EAF8-48B6-8F2A-85530D8993F5}.Debug|x64.ActiveCfg = Debug|Any CPU
		{98351FBD-EAF8-48B6-8F2A-85530D8993F5}.Debug|x64.Build.0 = Debug|Any CPU
		{98351FBD-EAF8-48B6-8F2A-85530D8993F5}.Debug|x86.ActiveCfg = Debug|Any CPU
		{98351FBD-EAF8-48B6-8F2A-85530D8993F5}.Debug|x86.Build.0 = Debug|Any CPU
		{98351FBD-EAF8-48B6-8F2A-85530D8993F5}.Release|Any CPU.ActiveCfg = Release|Any CPU
		{98351FBD-EAF8-48B6-8F2A-85530D8993F5}.Release|Any CPU.Build.0 = Release|Any CPU
		{98351FBD-EAF8-48B6-8F2A-85530D8993F5}.Release|x64.ActiveCfg = Release|Any CPU
		{98351FBD-EAF8-48B6-8F2A-85530D8993F5}.Release|x64.Build.0 = Release|Any CPU
		{98351FBD-EAF8-48B6-8F2A-85530D8993F5}.Release|x86.ActiveCfg = Release|Any CPU
		{98351FBD-EAF8-48B6-8F2A-85530D8993F5}.Release|x86.Build.0 = Release|Any CPU
		{C8896E5D-08B8-4E21-B9CC-472C14AC98F8}.Debug|Any CPU.ActiveCfg = Debug|Any CPU
		{C8896E5D-08B8-4E21-B9CC-472C14AC98F8}.Debug|Any CPU.Build.0 = Debug|Any CPU
		{C8896E5D-08B8-4E21-B9CC-472C14AC98F8}.Debug|x64.ActiveCfg = Debug|Any CPU
		{C8896E5D-08B8-4E21-B9CC-472C14AC98F8}.Debug|x64.Build.0 = Debug|Any CPU
		{C8896E5D-08B8-4E21-B9CC-472C14AC98F8}.Debug|x86.ActiveCfg = Debug|Any CPU
		{C8896E5D-08B8-4E21-B9CC-472C14AC98F8}.Debug|x86.Build.0 = Debug|Any CPU
		{C8896E5D-08B8-4E21-B9CC-472C14AC98F8}.Release|Any CPU.ActiveCfg = Release|Any CPU
		{C8896E5D-08B8-4E21-B9CC-472C14AC98F8}.Release|Any CPU.Build.0 = Release|Any CPU
		{C8896E5D-08B8-4E21-B9CC-472C14AC98F8}.Release|x64.ActiveCfg = Release|Any CPU
		{C8896E5D-08B8-4E21-B9CC-472C14AC98F8}.Release|x64.Build.0 = Release|Any CPU
		{C8896E5D-08B8-4E21-B9CC-472C14AC98F8}.Release|x86.ActiveCfg = Release|Any CPU
		{C8896E5D-08B8-4E21-B9CC-472C14AC98F8}.Release|x86.Build.0 = Release|Any CPU
		{98D828F8-D9A8-4A29-A22B-7D950FA7153C}.Debug|Any CPU.ActiveCfg = Debug|Any CPU
		{98D828F8-D9A8-4A29-A22B-7D950FA7153C}.Debug|Any CPU.Build.0 = Debug|Any CPU
		{98D828F8-D9A8-4A29-A22B-7D950FA7153C}.Debug|x64.ActiveCfg = Debug|Any CPU
		{98D828F8-D9A8-4A29-A22B-7D950FA7153C}.Debug|x64.Build.0 = Debug|Any CPU
		{98D828F8-D9A8-4A29-A22B-7D950FA7153C}.Debug|x86.ActiveCfg = Debug|Any CPU
		{98D828F8-D9A8-4A29-A22B-7D950FA7153C}.Debug|x86.Build.0 = Debug|Any CPU
		{98D828F8-D9A8-4A29-A22B-7D950FA7153C}.Release|Any CPU.ActiveCfg = Release|Any CPU
		{98D828F8-D9A8-4A29-A22B-7D950FA7153C}.Release|Any CPU.Build.0 = Release|Any CPU
		{98D828F8-D9A8-4A29-A22B-7D950FA7153C}.Release|x64.ActiveCfg = Release|Any CPU
		{98D828F8-D9A8-4A29-A22B-7D950FA7153C}.Release|x64.Build.0 = Release|Any CPU
		{98D828F8-D9A8-4A29-A22B-7D950FA7153C}.Release|x86.ActiveCfg = Release|Any CPU
		{98D828F8-D9A8-4A29-A22B-7D950FA7153C}.Release|x86.Build.0 = Release|Any CPU
		{86D6D4A6-1191-4B67-892C-542C52621B92}.Debug|Any CPU.ActiveCfg = Debug|Any CPU
		{86D6D4A6-1191-4B67-892C-542C52621B92}.Debug|Any CPU.Build.0 = Debug|Any CPU
		{86D6D4A6-1191-4B67-892C-542C52621B92}.Debug|x64.ActiveCfg = Debug|Any CPU
		{86D6D4A6-1191-4B67-892C-542C52621B92}.Debug|x64.Build.0 = Debug|Any CPU
		{86D6D4A6-1191-4B67-892C-542C52621B92}.Debug|x86.ActiveCfg = Debug|Any CPU
		{86D6D4A6-1191-4B67-892C-542C52621B92}.Debug|x86.Build.0 = Debug|Any CPU
		{86D6D4A6-1191-4B67-892C-542C52621B92}.Release|Any CPU.ActiveCfg = Release|Any CPU
		{86D6D4A6-1191-4B67-892C-542C52621B92}.Release|Any CPU.Build.0 = Release|Any CPU
		{86D6D4A6-1191-4B67-892C-542C52621B92}.Release|x64.ActiveCfg = Release|Any CPU
		{86D6D4A6-1191-4B67-892C-542C52621B92}.Release|x64.Build.0 = Release|Any CPU
		{86D6D4A6-1191-4B67-892C-542C52621B92}.Release|x86.ActiveCfg = Release|Any CPU
		{86D6D4A6-1191-4B67-892C-542C52621B92}.Release|x86.Build.0 = Release|Any CPU
		{E65A6AFB-302B-47AC-B3AE-2FE49CAE5E38}.Debug|Any CPU.ActiveCfg = Debug|Any CPU
		{E65A6AFB-302B-47AC-B3AE-2FE49CAE5E38}.Debug|Any CPU.Build.0 = Debug|Any CPU
		{E65A6AFB-302B-47AC-B3AE-2FE49CAE5E38}.Debug|x64.ActiveCfg = Debug|Any CPU
		{E65A6AFB-302B-47AC-B3AE-2FE49CAE5E38}.Debug|x64.Build.0 = Debug|Any CPU
		{E65A6AFB-302B-47AC-B3AE-2FE49CAE5E38}.Debug|x86.ActiveCfg = Debug|Any CPU
		{E65A6AFB-302B-47AC-B3AE-2FE49CAE5E38}.Debug|x86.Build.0 = Debug|Any CPU
		{E65A6AFB-302B-47AC-B3AE-2FE49CAE5E38}.Release|Any CPU.ActiveCfg = Release|Any CPU
		{E65A6AFB-302B-47AC-B3AE-2FE49CAE5E38}.Release|Any CPU.Build.0 = Release|Any CPU
		{E65A6AFB-302B-47AC-B3AE-2FE49CAE5E38}.Release|x64.ActiveCfg = Release|Any CPU
		{E65A6AFB-302B-47AC-B3AE-2FE49CAE5E38}.Release|x64.Build.0 = Release|Any CPU
		{E65A6AFB-302B-47AC-B3AE-2FE49CAE5E38}.Release|x86.ActiveCfg = Release|Any CPU
		{E65A6AFB-302B-47AC-B3AE-2FE49CAE5E38}.Release|x86.Build.0 = Release|Any CPU
		{0C4CD16D-B227-4217-92D8-F5C12D475AA8}.Debug|Any CPU.ActiveCfg = Debug|Any CPU
		{0C4CD16D-B227-4217-92D8-F5C12D475AA8}.Debug|Any CPU.Build.0 = Debug|Any CPU
		{0C4CD16D-B227-4217-92D8-F5C12D475AA8}.Debug|x64.ActiveCfg = Debug|Any CPU
		{0C4CD16D-B227-4217-92D8-F5C12D475AA8}.Debug|x64.Build.0 = Debug|Any CPU
		{0C4CD16D-B227-4217-92D8-F5C12D475AA8}.Debug|x86.ActiveCfg = Debug|Any CPU
		{0C4CD16D-B227-4217-92D8-F5C12D475AA8}.Debug|x86.Build.0 = Debug|Any CPU
		{0C4CD16D-B227-4217-92D8-F5C12D475AA8}.Release|Any CPU.ActiveCfg = Release|Any CPU
		{0C4CD16D-B227-4217-92D8-F5C12D475AA8}.Release|Any CPU.Build.0 = Release|Any CPU
		{0C4CD16D-B227-4217-92D8-F5C12D475AA8}.Release|x64.ActiveCfg = Release|Any CPU
		{0C4CD16D-B227-4217-92D8-F5C12D475AA8}.Release|x64.Build.0 = Release|Any CPU
		{0C4CD16D-B227-4217-92D8-F5C12D475AA8}.Release|x86.ActiveCfg = Release|Any CPU
		{0C4CD16D-B227-4217-92D8-F5C12D475AA8}.Release|x86.Build.0 = Release|Any CPU
		{20F79E91-EF6C-4F3F-ACC7-79FF771D3EEE}.Debug|Any CPU.ActiveCfg = Debug|Any CPU
		{20F79E91-EF6C-4F3F-ACC7-79FF771D3EEE}.Debug|Any CPU.Build.0 = Debug|Any CPU
		{20F79E91-EF6C-4F3F-ACC7-79FF771D3EEE}.Debug|x64.ActiveCfg = Debug|Any CPU
		{20F79E91-EF6C-4F3F-ACC7-79FF771D3EEE}.Debug|x64.Build.0 = Debug|Any CPU
		{20F79E91-EF6C-4F3F-ACC7-79FF771D3EEE}.Debug|x86.ActiveCfg = Debug|Any CPU
		{20F79E91-EF6C-4F3F-ACC7-79FF771D3EEE}.Debug|x86.Build.0 = Debug|Any CPU
		{20F79E91-EF6C-4F3F-ACC7-79FF771D3EEE}.Release|Any CPU.ActiveCfg = Release|Any CPU
		{20F79E91-EF6C-4F3F-ACC7-79FF771D3EEE}.Release|Any CPU.Build.0 = Release|Any CPU
		{20F79E91-EF6C-4F3F-ACC7-79FF771D3EEE}.Release|x64.ActiveCfg = Release|Any CPU
		{20F79E91-EF6C-4F3F-ACC7-79FF771D3EEE}.Release|x64.Build.0 = Release|Any CPU
		{20F79E91-EF6C-4F3F-ACC7-79FF771D3EEE}.Release|x86.ActiveCfg = Release|Any CPU
		{20F79E91-EF6C-4F3F-ACC7-79FF771D3EEE}.Release|x86.Build.0 = Release|Any CPU
	EndGlobalSection
	GlobalSection(SolutionProperties) = preSolution
		HideSolutionNode = FALSE
	EndGlobalSection
	GlobalSection(NestedProjects) = preSolution
		{880CB54E-C037-406D-ACC3-4AAFC3FC83C6} = {827E0CD3-B72D-47B6-A68D-7590B98EB39B}
		{98351FBD-EAF8-48B6-8F2A-85530D8993F5} = {827E0CD3-B72D-47B6-A68D-7590B98EB39B}
		{C8896E5D-08B8-4E21-B9CC-472C14AC98F8} = {827E0CD3-B72D-47B6-A68D-7590B98EB39B}
		{98D828F8-D9A8-4A29-A22B-7D950FA7153C} = {827E0CD3-B72D-47B6-A68D-7590B98EB39B}
		{86D6D4A6-1191-4B67-892C-542C52621B92} = {07C2787E-EAC7-C090-1BA3-A61EC2A24D84}
		{E65A6AFB-302B-47AC-B3AE-2FE49CAE5E38} = {0AB3BF05-4346-4AA6-1389-037BE0695223}
		{0C4CD16D-B227-4217-92D8-F5C12D475AA8} = {0AB3BF05-4346-4AA6-1389-037BE0695223}
		{20F79E91-EF6C-4F3F-ACC7-79FF771D3EEE} = {0AB3BF05-4346-4AA6-1389-037BE0695223}
	EndGlobalSection
EndGlobal
